
Microsoft Visual Studio Solution File, Format Version 12.00
# Visual Studio 2013
VisualStudioVersion = 12.0.21005.1
MinimumVisualStudioVersion = 10.0.40219.1
Project("{FAE04EC0-301F-11D3-BF4B-00C04F79EFBC}") = "AStar", "AStar\AStar.csproj", "{59F43360-6DC7-40F8-AF3C-CCDA0FFE9D8F}"
EndProject
Project("{2150E333-8FDC-42A3-9474-1A3956D46DE8}") = "Solution Items", "Solution Items", "{8D1790BC-999E-4F73-A445-5E7D6CE16550}"
EndProject
Global
	GlobalSection(SolutionConfigurationPlatforms) = preSolution
		Debug|Any CPU = Debug|Any CPU
		Release|Any CPU = Release|Any CPU
	EndGlobalSection
	GlobalSection(ProjectConfigurationPlatforms) = postSolution
		{59F43360-6DC7-40F8-AF3C-CCDA0FFE9D8F}.Debug|Any CPU.ActiveCfg = Debug|Any CPU
		{59F43360-6DC7-40F8-AF3C-CCDA0FFE9D8F}.Debug|Any CPU.Build.0 = Debug|Any CPU
		{59F43360-6DC7-40F8-AF3C-CCDA0FFE9D8F}.Release|Any CPU.ActiveCfg = Release|Any CPU
		{59F43360-6DC7-40F8-AF3C-CCDA0FFE9D8F}.Release|Any CPU.Build.0 = Release|Any CPU
	EndGlobalSection
	GlobalSection(SolutionProperties) = preSolution
		HideSolutionNode = FALSE
	EndGlobalSection
EndGlobal
